<?xml version="1.0" encoding="utf-8"?>
<Project ToolsVersion="4.0" xmlns="http://schemas.microsoft.com/developer/msbuild/2003">
  <ItemGroup>
    <ClCompile Include="..\..\src\experiment\Dx.cpp">
      <Filter>Experiment\Dx</Filter>
    </ClCompile>
    <ClCompile Include="..\..\src\experiment\Experiment.cpp">
      <Filter>Experiment</Filter>
    </ClCompile>
    <ClCompile Include="..\..\src\experiment\UtilWin.cpp">
      <Filter>Util</Filter>
    </ClCompile>
    <ClCompile Include="..\..\src\experiment\Win.cpp">
      <Filter>Win</Filter>
    </ClCompile>
    <ClCompile Include="..\..\src\experiment\Main.cpp" />
    <ClCompile Include="..\..\src\experiment\UtilDx.cpp">
      <Filter>Util</Filter>
    </ClCompile>
    <ClCompile Include="..\..\src\experiment\Util.cpp">
      <Filter>Util</Filter>
    </ClCompile>
    <ClCompile Include="..\..\src\experiment\ExceptionExperiment.cpp">
      <Filter>Error</Filter>
    </ClCompile>
    <ClCompile Include="..\..\src\experiment\TimerDx.cpp">
      <Filter>Experiment\Dx</Filter>
    </ClCompile>
    <ClCompile Include="..\..\src\experiment\Conf.cpp">
      <Filter>Conf</Filter>
    </ClCompile>
    <ClCompile Include="..\..\src\experiment\BufSrv.cpp">
      <Filter>Experiment\Dx\Buf</Filter>
    </ClCompile>
    <ClCompile Include="..\..\src\experiment\BufUav.cpp">
      <Filter>Experiment\Dx\Buf</Filter>
    </ClCompile>
    <ClCompile Include="..\..\src\experiment\Buf.cpp">
      <Filter>Experiment\Dx\Buf</Filter>
    </ClCompile>
    <ClCompile Include="..\..\src\experiment\Cb.cpp">
      <Filter>Experiment\Dx\Cb</Filter>
    </ClCompile>
    <ClCompile Include="..\..\src\experiment\CogCb.cpp">
      <Filter>Experiment\Dx\Cb</Filter>
    </ClCompile>
    <ClCompile Include="..\..\src\experiment\CogFx.cpp">
      <Filter>Experiment\Dx\Fx</Filter>
    </ClCompile>
    <ClCompile Include="..\..\src\experiment\Fx.cpp">
      <Filter>Experiment\Dx\Fx</Filter>
    </ClCompile>
    <ClCompile Include="..\..\src\experiment\FxCs.cpp">
      <Filter>Experiment\Dx\Fx</Filter>
    </ClCompile>
    <ClCompile Include="..\..\src\experiment\Inspector.cpp">
      <Filter>Experiment</Filter>
    </ClCompile>
    <ClCompile Include="..\..\src\experiment\Printer.cpp">
      <Filter>Experiment\IO</Filter>
    </ClCompile>
  </ItemGroup>
  <ItemGroup>
    <ClInclude Include="..\..\src\experiment\stdafx.h" />
    <ClInclude Include="..\..\src\experiment\Dx.h">
      <Filter>Experiment\Dx</Filter>
    </ClInclude>
    <ClInclude Include="..\..\src\experiment\Experiment.h">
      <Filter>Experiment</Filter>
    </ClInclude>
    <ClInclude Include="..\..\src\experiment\UtilWin.h">
      <Filter>Util</Filter>
    </ClInclude>
    <ClInclude Include="..\..\src\experiment\Common.h">
      <Filter>Common</Filter>
    </ClInclude>
    <ClInclude Include="..\..\src\experiment\CommonDx.h">
      <Filter>Common</Filter>
    </ClInclude>
    <ClInclude Include="..\..\src\experiment\Win.h">
      <Filter>Win</Filter>
    </ClInclude>
    <ClInclude Include="..\..\src\experiment\UtilDx.h">
      <Filter>Util</Filter>
    </ClInclude>
    <ClInclude Include="..\..\src\experiment\Util.h">
      <Filter>Util</Filter>
    </ClInclude>
    <ClInclude Include="..\..\src\experiment\ExceptionExperiment.h">
      <Filter>Error</Filter>
    </ClInclude>
    <ClInclude Include="..\..\src\experiment\TimerDx.h">
      <Filter>Experiment\Dx</Filter>
    </ClInclude>
    <ClInclude Include="..\..\src\experiment\Matrix.h">
      <Filter>Experiment</Filter>
    </ClInclude>
    <ClInclude Include="..\..\src\experiment\Case.h">
      <Filter>Experiment</Filter>
    </ClInclude>
    <ClInclude Include="..\..\src\experiment\CommonWin.h">
      <Filter>Common</Filter>
    </ClInclude>
    <ClInclude Include="..\..\src\experiment\Conf.h">
      <Filter>Conf</Filter>
    </ClInclude>
    <ClInclude Include="..\..\src\experiment\BufSrv.h">
      <Filter>Experiment\Dx\Buf</Filter>
    </ClInclude>
    <ClInclude Include="..\..\src\experiment\BufUav.h">
      <Filter>Experiment\Dx\Buf</Filter>
    </ClInclude>
    <ClInclude Include="..\..\src\experiment\Buf.h">
      <Filter>Experiment\Dx\Buf</Filter>
    </ClInclude>
    <ClInclude Include="..\..\src\experiment\Cb.h">
      <Filter>Experiment\Dx\Cb</Filter>
    </ClInclude>
    <ClInclude Include="..\..\src\experiment\CogCb.h">
      <Filter>Experiment\Dx\Cb</Filter>
    </ClInclude>
    <ClInclude Include="..\..\src\experiment\CbDesc.h">
      <Filter>Experiment\Dx\Cb</Filter>
    </ClInclude>
    <ClInclude Include="..\..\src\experiment\CogFx.h">
      <Filter>Experiment\Dx\Fx</Filter>
    </ClInclude>
    <ClInclude Include="..\..\src\experiment\Fx.h">
      <Filter>Experiment\Dx\Fx</Filter>
    </ClInclude>
    <ClInclude Include="..\..\src\experiment\FxCs.h">
      <Filter>Experiment\Dx\Fx</Filter>
    </ClInclude>
    <ClInclude Include="..\..\src\experiment\Inspector.h">
      <Filter>Experiment</Filter>
    </ClInclude>
    <ClInclude Include="..\..\src\experiment\Reader.h">
      <Filter>Experiment\IO</Filter>
    </ClInclude>
    <ClInclude Include="..\..\src\experiment\Printer.h">
      <Filter>Experiment\IO</Filter>
    </ClInclude>
  </ItemGroup>
  <ItemGroup>
    <Filter Include="Experiment">
      <UniqueIdentifier>{6dbba361-d760-485c-9b79-764f5942c5ec}</UniqueIdentifier>
    </Filter>
    <Filter Include="Experiment\Dx">
      <UniqueIdentifier>{172ba649-7faf-4b21-8e72-924bb791f841}</UniqueIdentifier>
    </Filter>
    <Filter Include="Util">
      <UniqueIdentifier>{4b8743da-cdce-47ff-acb5-35c09a409349}</UniqueIdentifier>
    </Filter>
    <Filter Include="Common">
      <UniqueIdentifier>{73965fb7-7687-4443-8dd3-e207c084d28e}</UniqueIdentifier>
    </Filter>
    <Filter Include="Win">
      <UniqueIdentifier>{505c2580-9dfb-4c80-a140-8f2e9db977e7}</UniqueIdentifier>
    </Filter>
    <Filter Include="Error">
      <UniqueIdentifier>{9bf2fac9-765a-47ab-adde-d5da6323e8c6}</UniqueIdentifier>
    </Filter>
    <Filter Include="fxs">
      <UniqueIdentifier>{03fd1e2e-093a-4516-a0ee-e0308cfd3c5a}</UniqueIdentifier>
    </Filter>
    <Filter Include="Conf">
      <UniqueIdentifier>{56654049-0cbf-446c-bca1-f2ed450bd2cc}</UniqueIdentifier>
    </Filter>
    <Filter Include="Experiment\Dx\Buf">
      <UniqueIdentifier>{149fa48a-2f54-4704-b3bb-5192090355e6}</UniqueIdentifier>
    </Filter>
    <Filter Include="Experiment\Dx\Fx">
      <UniqueIdentifier>{c6d03c4d-99e9-48d6-934b-2aee30fe1dd9}</UniqueIdentifier>
    </Filter>
    <Filter Include="Experiment\Dx\Cb">
      <UniqueIdentifier>{f894d799-a203-4ca4-8a0c-8e3665a10e40}</UniqueIdentifier>
    </Filter>
    <Filter Include="Experiment\IO">
      <UniqueIdentifier>{7563d0e3-157e-43d2-a3e9-95772d01ac7b}</UniqueIdentifier>
    </Filter>
    <Filter Include="fxs\Basic">
      <UniqueIdentifier>{9b28f94c-5790-414f-a195-549909fc3b5f}</UniqueIdentifier>
    </Filter>
    <Filter Include="fxs\Tile">
      <UniqueIdentifier>{6494e76d-c9f2-4d08-9cd6-83774f2aae48}</UniqueIdentifier>
    </Filter>
  </ItemGroup>
  <ItemGroup>
    <FxCompile Include="..\..\fxs\Common.fx">
      <Filter>fxs</Filter>
    </FxCompile>
    <FxCompile Include="..\..\fxs\CommonFloat.fx">
      <Filter>fxs</Filter>
    </FxCompile>
    <FxCompile Include="..\..\fxs\CommonInt.fx">
      <Filter>fxs</Filter>
    </FxCompile>
    <FxCompile Include="..\..\fxs\MultIntBasic.fx">
      <Filter>fxs\Basic</Filter>
    </FxCompile>
    <FxCompile Include="..\..\fxs\MultFloatBasic.fx">
      <Filter>fxs\Basic</Filter>
    </FxCompile>
    <FxCompile Include="..\..\fxs\MultFloatTile.fx">
      <Filter>fxs\Tile</Filter>
    </FxCompile>
    <FxCompile Include="..\..\fxs\MultIntTile.fx">
      <Filter>fxs\Tile</Filter>
    </FxCompile>
  </ItemGroup>
</Project>