<?xml version="1.0" encoding="utf-8"?>
<Project ToolsVersion="4.0" xmlns="http://schemas.microsoft.com/developer/msbuild/2003">
  <ItemGroup>
    <ClCompile Include="..\..\src\experiment\Dx.cpp">
      <Filter>Experiment\Dx</Filter>
    </ClCompile>
    <ClCompile Include="..\..\src\experiment\Experiment.cpp">
      <Filter>Experiment</Filter>
    </ClCompile>
    <ClCompile Include="..\..\src\experiment\UtilWin.cpp">
      <Filter>Util</Filter>
    </ClCompile>
    <ClCompile Include="..\..\src\experiment\Win.cpp">
      <Filter>Win</Filter>
    </ClCompile>
    <ClCompile Include="..\..\src\experiment\Main.cpp" />
    <ClCompile Include="..\..\src\experiment\UtilDx.cpp">
      <Filter>Util</Filter>
    </ClCompile>
    <ClCompile Include="..\..\src\experiment\Util.cpp">
      <Filter>Util</Filter>
    </ClCompile>
    <ClCompile Include="..\..\src\experiment\ExceptionExperiment.cpp">
      <Filter>Error</Filter>
    </ClCompile>
    <ClCompile Include="..\..\src\experiment\Fx.cpp">
      <Filter>Experiment\Dx</Filter>
    </ClCompile>
    <ClCompile Include="..\..\src\experiment\Kernel.cpp">
      <Filter>Experiment\Dx</Filter>
    </ClCompile>
    <ClCompile Include="..\..\src\experiment\KernelCS.cpp">
      <Filter>Experiment\Dx</Filter>
    </ClCompile>
    <ClCompile Include="..\..\src\experiment\TimerDx.cpp">
      <Filter>Experiment\Dx</Filter>
    </ClCompile>
    <ClCompile Include="..\..\src\experiment\Conf.cpp">
      <Filter>Conf</Filter>
    </ClCompile>
  </ItemGroup>
  <ItemGroup>
    <ClInclude Include="..\..\src\experiment\stdafx.h" />
    <ClInclude Include="..\..\src\experiment\Dx.h">
      <Filter>Experiment\Dx</Filter>
    </ClInclude>
    <ClInclude Include="..\..\src\experiment\Experiment.h">
      <Filter>Experiment</Filter>
    </ClInclude>
    <ClInclude Include="..\..\src\experiment\UtilWin.h">
      <Filter>Util</Filter>
    </ClInclude>
    <ClInclude Include="..\..\src\experiment\Common.h">
      <Filter>Common</Filter>
    </ClInclude>
    <ClInclude Include="..\..\src\experiment\CommonDx.h">
      <Filter>Common</Filter>
    </ClInclude>
    <ClInclude Include="..\..\src\experiment\Win.h">
      <Filter>Win</Filter>
    </ClInclude>
    <ClInclude Include="..\..\src\experiment\UtilDx.h">
      <Filter>Util</Filter>
    </ClInclude>
    <ClInclude Include="..\..\src\experiment\Util.h">
      <Filter>Util</Filter>
    </ClInclude>
    <ClInclude Include="..\..\src\experiment\ExceptionExperiment.h">
      <Filter>Error</Filter>
    </ClInclude>
    <ClInclude Include="..\..\src\experiment\Fx.h">
      <Filter>Experiment\Dx</Filter>
    </ClInclude>
    <ClInclude Include="..\..\src\experiment\Kernel.h">
      <Filter>Experiment\Dx</Filter>
    </ClInclude>
    <ClInclude Include="..\..\src\experiment\KernelCS.h">
      <Filter>Experiment\Dx</Filter>
    </ClInclude>
    <ClInclude Include="..\..\src\experiment\TimerDx.h">
      <Filter>Experiment\Dx</Filter>
    </ClInclude>
    <ClInclude Include="..\..\src\experiment\Reader.h">
      <Filter>Experiment</Filter>
    </ClInclude>
    <ClInclude Include="..\..\src\experiment\Matrix.h">
      <Filter>Experiment</Filter>
    </ClInclude>
    <ClInclude Include="..\..\src\experiment\Case.h">
      <Filter>Experiment</Filter>
    </ClInclude>
    <ClInclude Include="..\..\src\experiment\CommonWin.h">
      <Filter>Common</Filter>
    </ClInclude>
    <ClInclude Include="..\..\src\experiment\Conf.h">
      <Filter>Conf</Filter>
    </ClInclude>
  </ItemGroup>
  <ItemGroup>
    <Filter Include="Experiment">
      <UniqueIdentifier>{6dbba361-d760-485c-9b79-764f5942c5ec}</UniqueIdentifier>
    </Filter>
    <Filter Include="Experiment\Dx">
      <UniqueIdentifier>{172ba649-7faf-4b21-8e72-924bb791f841}</UniqueIdentifier>
    </Filter>
    <Filter Include="Util">
      <UniqueIdentifier>{4b8743da-cdce-47ff-acb5-35c09a409349}</UniqueIdentifier>
    </Filter>
    <Filter Include="Common">
      <UniqueIdentifier>{73965fb7-7687-4443-8dd3-e207c084d28e}</UniqueIdentifier>
    </Filter>
    <Filter Include="Win">
      <UniqueIdentifier>{505c2580-9dfb-4c80-a140-8f2e9db977e7}</UniqueIdentifier>
    </Filter>
    <Filter Include="Error">
      <UniqueIdentifier>{9bf2fac9-765a-47ab-adde-d5da6323e8c6}</UniqueIdentifier>
    </Filter>
    <Filter Include="fxs">
      <UniqueIdentifier>{03fd1e2e-093a-4516-a0ee-e0308cfd3c5a}</UniqueIdentifier>
    </Filter>
    <Filter Include="Conf">
      <UniqueIdentifier>{56654049-0cbf-446c-bca1-f2ed450bd2cc}</UniqueIdentifier>
    </Filter>
  </ItemGroup>
  <ItemGroup>
    <FxCompile Include="..\..\fxs\KernelTest.fx">
      <Filter>fxs</Filter>
    </FxCompile>
  </ItemGroup>
</Project>