
Microsoft Visual Studio Solution File, Format Version 12.00
# Visual Studio 2012
Project("{8BC9CEB8-8B4A-11D0-8D11-00A0C91BC942}") = "experiment", "experiment\experiment.vcxproj", "{00E5E583-1CF8-4D23-AA3C-E41077DCC09B}"
EndProject
Project("{8BC9CEB8-8B4A-11D0-8D11-00A0C91BC942}") = "matrixgen", "matrixgen\matrixgen.vcxproj", "{92578DEF-8E96-4CFF-8A72-C2AE11785DF7}"
EndProject
Global
	GlobalSection(SolutionConfigurationPlatforms) = preSolution
		Debug|Any CPU = Debug|Any CPU
		Debug|Mixed Platforms = Debug|Mixed Platforms
		Debug|Win32 = Debug|Win32
		Release|Any CPU = Release|Any CPU
		Release|Mixed Platforms = Release|Mixed Platforms
		Release|Win32 = Release|Win32
	EndGlobalSection
	GlobalSection(ProjectConfigurationPlatforms) = postSolution
		{00E5E583-1CF8-4D23-AA3C-E41077DCC09B}.Debug|Any CPU.ActiveCfg = Debug|Win32
		{00E5E583-1CF8-4D23-AA3C-E41077DCC09B}.Debug|Mixed Platforms.ActiveCfg = Debug|Win32
		{00E5E583-1CF8-4D23-AA3C-E41077DCC09B}.Debug|Mixed Platforms.Build.0 = Debug|Win32
		{00E5E583-1CF8-4D23-AA3C-E41077DCC09B}.Debug|Win32.ActiveCfg = Debug|Win32
		{00E5E583-1CF8-4D23-AA3C-E41077DCC09B}.Debug|Win32.Build.0 = Debug|Win32
		{00E5E583-1CF8-4D23-AA3C-E41077DCC09B}.Release|Any CPU.ActiveCfg = Release|Win32
		{00E5E583-1CF8-4D23-AA3C-E41077DCC09B}.Release|Mixed Platforms.ActiveCfg = Release|Win32
		{00E5E583-1CF8-4D23-AA3C-E41077DCC09B}.Release|Mixed Platforms.Build.0 = Release|Win32
		{00E5E583-1CF8-4D23-AA3C-E41077DCC09B}.Release|Win32.ActiveCfg = Release|Win32
		{00E5E583-1CF8-4D23-AA3C-E41077DCC09B}.Release|Win32.Build.0 = Release|Win32
		{92578DEF-8E96-4CFF-8A72-C2AE11785DF7}.Debug|Any CPU.ActiveCfg = Debug|Win32
		{92578DEF-8E96-4CFF-8A72-C2AE11785DF7}.Debug|Mixed Platforms.ActiveCfg = Debug|Win32
		{92578DEF-8E96-4CFF-8A72-C2AE11785DF7}.Debug|Mixed Platforms.Build.0 = Debug|Win32
		{92578DEF-8E96-4CFF-8A72-C2AE11785DF7}.Debug|Win32.ActiveCfg = Debug|Win32
		{92578DEF-8E96-4CFF-8A72-C2AE11785DF7}.Debug|Win32.Build.0 = Debug|Win32
		{92578DEF-8E96-4CFF-8A72-C2AE11785DF7}.Release|Any CPU.ActiveCfg = Release|Win32
		{92578DEF-8E96-4CFF-8A72-C2AE11785DF7}.Release|Mixed Platforms.ActiveCfg = Release|Win32
		{92578DEF-8E96-4CFF-8A72-C2AE11785DF7}.Release|Mixed Platforms.Build.0 = Release|Win32
		{92578DEF-8E96-4CFF-8A72-C2AE11785DF7}.Release|Win32.ActiveCfg = Release|Win32
		{92578DEF-8E96-4CFF-8A72-C2AE11785DF7}.Release|Win32.Build.0 = Release|Win32
	EndGlobalSection
	GlobalSection(SolutionProperties) = preSolution
		HideSolutionNode = FALSE
	EndGlobalSection
EndGlobal
