<?xml version="1.0" encoding="utf-8"?>
<Project ToolsVersion="4.0" xmlns="http://schemas.microsoft.com/developer/msbuild/2003">
  <ItemGroup>
    <ClCompile Include="..\..\src\matrixgen\main.cpp" />
    <ClCompile Include="..\..\src\matrixgen\Matrixgen.cpp">
      <Filter>Matrixgen</Filter>
    </ClCompile>
    <ClCompile Include="..\..\src\matrixgen\Util.cpp">
      <Filter>Util</Filter>
    </ClCompile>
    <ClCompile Include="..\..\src\matrixgen\Conf.cpp" />
    <ClCompile Include="..\..\src\matrixgen\Ampersand.cpp">
      <Filter>Matrixgen</Filter>
    </ClCompile>
    <ClCompile Include="..\..\src\matrixgen\Amphack.cpp">
      <Filter>Matrixgen</Filter>
    </ClCompile>
    <ClCompile Include="..\..\src\matrixgen\ExceptionMatrixgen.cpp">
      <Filter>Error</Filter>
    </ClCompile>
  </ItemGroup>
  <ItemGroup>
    <ClInclude Include="..\..\src\matrixgen\stdafx.h" />
    <ClInclude Include="..\..\src\matrixgen\Matrixgen.h">
      <Filter>Matrixgen</Filter>
    </ClInclude>
    <ClInclude Include="..\..\src\matrixgen\Matrix.h">
      <Filter>Matrixgen</Filter>
    </ClInclude>
    <ClInclude Include="..\..\src\matrixgen\Util.h">
      <Filter>Util</Filter>
    </ClInclude>
    <ClInclude Include="..\..\src\matrixgen\Ampersand.h">
      <Filter>Matrixgen</Filter>
    </ClInclude>
    <ClInclude Include="..\..\src\matrixgen\Conf.h" />
    <ClInclude Include="..\..\src\matrixgen\Amphack.h">
      <Filter>Matrixgen</Filter>
    </ClInclude>
    <ClInclude Include="..\..\src\matrixgen\ExceptionMatrixgen.h">
      <Filter>Error</Filter>
    </ClInclude>
    <ClInclude Include="..\..\src\matrixgen\Printer.h">
      <Filter>Matrixgen</Filter>
    </ClInclude>
    <ClInclude Include="..\..\src\matrixgen\Reader.h">
      <Filter>Matrixgen</Filter>
    </ClInclude>
  </ItemGroup>
  <ItemGroup>
    <Filter Include="Util">
      <UniqueIdentifier>{1cdc51bf-e7a7-4b85-b335-a49b8b776afe}</UniqueIdentifier>
    </Filter>
    <Filter Include="Matrixgen">
      <UniqueIdentifier>{2af68c84-c65d-4a7a-8590-b0facd81ec31}</UniqueIdentifier>
    </Filter>
    <Filter Include="Error">
      <UniqueIdentifier>{76e34607-7a01-418a-98c6-06b8df5dab3e}</UniqueIdentifier>
    </Filter>
  </ItemGroup>
</Project>