<?xml version="1.0" encoding="utf-8"?>
<Project ToolsVersion="4.0" xmlns="http://schemas.microsoft.com/developer/msbuild/2003">
  <ItemGroup>
    <ClCompile Include="..\..\src\analytics\main.cpp" />
    <ClCompile Include="..\..\src\analytics\Analytics.cpp" />
    <ClCompile Include="..\..\src\analytics\ExceptionAnalytics.cpp" />
    <ClCompile Include="..\..\src\analytics\Deviant.cpp" />
    <ClCompile Include="..\..\src\analytics\Printer.cpp" />
  </ItemGroup>
  <ItemGroup>
    <ClInclude Include="..\..\src\analytics\stdafx.h" />
    <ClInclude Include="..\..\src\analytics\Analytics.h" />
    <ClInclude Include="..\..\src\analytics\Conf.h" />
    <ClInclude Include="..\..\src\analytics\ExceptionAnalytics.h" />
    <ClInclude Include="..\..\src\analytics\Deviant.h" />
    <ClInclude Include="..\..\src\analytics\DoubleList.h" />
    <ClInclude Include="..\..\src\analytics\Common.h" />
    <ClInclude Include="..\..\src\analytics\Analytic.h" />
    <ClInclude Include="..\..\src\analytics\Printer.h" />
  </ItemGroup>
</Project>